// !$*UTF8*$!
{
	archiveVersion = 1;
	classes = {
	};
	objectVersion = 55;
	objects = {

/* Begin PBXBuildFile section */
		380CE8E62888901A0003FF36 /* EnergyPriceDatabase.swift in Sources */ = {isa = PBXBuildFile; fileRef = 380CE8E52888901A0003FF36 /* EnergyPriceDatabase.swift */; };
		380CE8E9288892490003FF36 /* Lottie in Frameworks */ = {isa = PBXBuildFile; productRef = 380CE8E8288892490003FF36 /* Lottie */; };
		380CE8EE288893F90003FF36 /* Animations.swift in Sources */ = {isa = PBXBuildFile; fileRef = 380CE8ED288893F90003FF36 /* Animations.swift */; };
		380CE8FF288AE55A0003FF36 /* ViewControllers.swift in Sources */ = {isa = PBXBuildFile; fileRef = 380CE8F9288AE55A0003FF36 /* ViewControllers.swift */; };
		380CE905288AF2040003FF36 /* AppConfiguration.swift in Sources */ = {isa = PBXBuildFile; fileRef = 380CE904288AF2040003FF36 /* AppConfiguration.swift */; };
		384E642E288D90EF004ADCB1 /* BackgroundScheduler.swift in Sources */ = {isa = PBXBuildFile; fileRef = 384E642D288D90EF004ADCB1 /* BackgroundScheduler.swift */; };
		384E6435288D9E38004ADCB1 /* StateRepository.swift in Sources */ = {isa = PBXBuildFile; fileRef = 384E6434288D9E38004ADCB1 /* StateRepository.swift */; };
		384E643A288DAA56004ADCB1 /* Sourcery.swift in Sources */ = {isa = PBXBuildFile; fileRef = 384E6439288DAA56004ADCB1 /* Sourcery.swift */; };
		384E6444288DBD53004ADCB1 /* AlexBrush-Regular.ttf in Resources */ = {isa = PBXBuildFile; fileRef = 384E6443288DBD53004ADCB1 /* AlexBrush-Regular.ttf */; };
		384E6446288DC430004ADCB1 /* Fonts.swift in Sources */ = {isa = PBXBuildFile; fileRef = 384E6445288DC430004ADCB1 /* Fonts.swift */; };
		384E646B288EDAAF004ADCB1 /* Appearence.swift in Sources */ = {isa = PBXBuildFile; fileRef = 384E646A288EDAAF004ADCB1 /* Appearence.swift */; };
		384E64792891650E004ADCB1 /* DataLoadingInteractor.swift in Sources */ = {isa = PBXBuildFile; fileRef = 384E64772891650E004ADCB1 /* DataLoadingInteractor.swift */; };
		384E647A2891650E004ADCB1 /* DataLoadingViewController.swift in Sources */ = {isa = PBXBuildFile; fileRef = 384E64782891650E004ADCB1 /* DataLoadingViewController.swift */; };
		387FF5FA286B909B0051E3DC /* AppDelegate.swift in Sources */ = {isa = PBXBuildFile; fileRef = 387FF5F9286B909B0051E3DC /* AppDelegate.swift */; };
		387FF5FC286B909B0051E3DC /* SceneDelegate.swift in Sources */ = {isa = PBXBuildFile; fileRef = 387FF5FB286B909B0051E3DC /* SceneDelegate.swift */; };
		387FF603286B90A40051E3DC /* Assets.xcassets in Resources */ = {isa = PBXBuildFile; fileRef = 387FF602286B90A40051E3DC /* Assets.xcassets */; };
		387FF606286B90A40051E3DC /* LaunchScreen.storyboard in Resources */ = {isa = PBXBuildFile; fileRef = 387FF604286B90A40051E3DC /* LaunchScreen.storyboard */; };
		387FF60E286B95B00051E3DC /* App.swift in Sources */ = {isa = PBXBuildFile; fileRef = 387FF60D286B95B00051E3DC /* App.swift */; };
		387FF610286B95BB0051E3DC /* global.swift in Sources */ = {isa = PBXBuildFile; fileRef = 387FF60F286B95BB0051E3DC /* global.swift */; };
		389F717D28997B2C0007C2E0 /* MenuViewController.swift in Sources */ = {isa = PBXBuildFile; fileRef = 389F717C28997B2B0007C2E0 /* MenuViewController.swift */; };
		389F717F289982630007C2E0 /* Drawer.swift in Sources */ = {isa = PBXBuildFile; fileRef = 389F717E289982630007C2E0 /* Drawer.swift */; };
		38DF5ABE28707A7E008630FB /* Translations.swift in Sources */ = {isa = PBXBuildFile; fileRef = 38DF5ABD28707A7E008630FB /* Translations.swift */; };
		38DF5AC828708077008630FB /* Localizable.strings in Resources */ = {isa = PBXBuildFile; fileRef = 38DF5AC028708077008630FB /* Localizable.strings */; };
		38DF5AC928708077008630FB /* InfoPlist.strings in Resources */ = {isa = PBXBuildFile; fileRef = 38DF5AC228708077008630FB /* InfoPlist.strings */; };
		38E0FA61288441BE0096B98A /* GRDB in Frameworks */ = {isa = PBXBuildFile; productRef = 38E0FA60288441BE0096B98A /* GRDB */; };
		38E0FA652884759B0096B98A /* EnergyPriceRepository.swift in Sources */ = {isa = PBXBuildFile; fileRef = 38E0FA642884759B0096B98A /* EnergyPriceRepository.swift */; };
		38E0FA68288476C40096B98A /* EnergyPriceService.swift in Sources */ = {isa = PBXBuildFile; fileRef = 38E0FA67288476C40096B98A /* EnergyPriceService.swift */; };
		38E0FA6E2884803F0096B98A /* EnergyPrice.swift in Sources */ = {isa = PBXBuildFile; fileRef = 38E0FA6D2884803F0096B98A /* EnergyPrice.swift */; };
		38E0FA702884808D0096B98A /* Zone.swift in Sources */ = {isa = PBXBuildFile; fileRef = 38E0FA6F2884808D0096B98A /* Zone.swift */; };
		38E0FA722884822C0096B98A /* _Database.swift in Sources */ = {isa = PBXBuildFile; fileRef = 38E0FA712884822C0096B98A /* _Database.swift */; };
		38ECF94B289B0ACF00ED8372 /* Date.swift in Sources */ = {isa = PBXBuildFile; fileRef = 38ECF94A289B0ACF00ED8372 /* Date.swift */; };
		38ECF94D289C467B00ED8372 /* TimeInterval.swift in Sources */ = {isa = PBXBuildFile; fileRef = 38ECF94C289C467B00ED8372 /* TimeInterval.swift */; };
		38FD15C928833A5B001C38F9 /* AppNavigation.swift in Sources */ = {isa = PBXBuildFile; fileRef = 38FD15C828833A5B001C38F9 /* AppNavigation.swift */; };
		38FD15DB28835353001C38F9 /* SettingsViewController.swift in Sources */ = {isa = PBXBuildFile; fileRef = 38FD15DA28835353001C38F9 /* SettingsViewController.swift */; };
		38FD15DF28835528001C38F9 /* LicensesViewController.swift in Sources */ = {isa = PBXBuildFile; fileRef = 38FD15DE28835528001C38F9 /* LicensesViewController.swift */; };
		CD1068872AF95A7300FD5B0E /* NetworkSelectionViewController.swift in Sources */ = {isa = PBXBuildFile; fileRef = CD1068852AF95A7300FD5B0E /* NetworkSelectionViewController.swift */; };
		CD10688C2AFC333500FD5B0E /* LaunchInteractor.swift in Sources */ = {isa = PBXBuildFile; fileRef = CD10688A2AFC333500FD5B0E /* LaunchInteractor.swift */; };
		CD10688D2AFC333500FD5B0E /* LaunchViewController.swift in Sources */ = {isa = PBXBuildFile; fileRef = CD10688B2AFC333500FD5B0E /* LaunchViewController.swift */; };
		CD10688F2AFEF62D00FD5B0E /* Observer.swift in Sources */ = {isa = PBXBuildFile; fileRef = CD10688E2AFEF62D00FD5B0E /* Observer.swift */; };
		CD1068912B000B9C00FD5B0E /* PriceTableDatasource.swift in Sources */ = {isa = PBXBuildFile; fileRef = CD1068902B000B9C00FD5B0E /* PriceTableDatasource.swift */; };
		CD1068952B040F5A00FD5B0E /* EmissionService.swift in Sources */ = {isa = PBXBuildFile; fileRef = CD1068942B040F5A00FD5B0E /* EmissionService.swift */; };
		CD1068972B0410F100FD5B0E /* Co2.swift in Sources */ = {isa = PBXBuildFile; fileRef = CD1068962B0410F100FD5B0E /* Co2.swift */; };
		CD1068992B0411D700FD5B0E /* EmissionDatabase.swift in Sources */ = {isa = PBXBuildFile; fileRef = CD1068982B0411D700FD5B0E /* EmissionDatabase.swift */; };
		CD10689B2B0412F300FD5B0E /* EmissionCo2Repository.swift in Sources */ = {isa = PBXBuildFile; fileRef = CD10689A2B0412F300FD5B0E /* EmissionCo2Repository.swift */; };
		CD10689D2B04165600FD5B0E /* EmissionRepository.swift in Sources */ = {isa = PBXBuildFile; fileRef = CD10689C2B04165600FD5B0E /* EmissionRepository.swift */; };
		CD10689F2B05425B00FD5B0E /* Emission.swift in Sources */ = {isa = PBXBuildFile; fileRef = CD10689E2B05425B00FD5B0E /* Emission.swift */; };
		CD1068A12B05476600FD5B0E /* EmissionTableDataSource.swift in Sources */ = {isa = PBXBuildFile; fileRef = CD1068A02B05476600FD5B0E /* EmissionTableDataSource.swift */; };
		CD1068A52B06AF6D00FD5B0E /* DashboardInteractor.swift in Sources */ = {isa = PBXBuildFile; fileRef = CD1068A32B06AF6D00FD5B0E /* DashboardInteractor.swift */; };
		CD1068A62B06AF6D00FD5B0E /* DashboardViewController.swift in Sources */ = {isa = PBXBuildFile; fileRef = CD1068A42B06AF6D00FD5B0E /* DashboardViewController.swift */; };
		CD1068A92B06B21600FD5B0E /* NetworkDetailsViewController.swift in Sources */ = {isa = PBXBuildFile; fileRef = CD1068A82B06B21600FD5B0E /* NetworkDetailsViewController.swift */; };
		CD1068AB2B07F17800FD5B0E /* DateInterval.swift in Sources */ = {isa = PBXBuildFile; fileRef = CD1068AA2B07F17800FD5B0E /* DateInterval.swift */; };
		CD1068AE2B07FEAA00FD5B0E /* GridDetailsViewController.swift in Sources */ = {isa = PBXBuildFile; fileRef = CD1068AD2B07FEAA00FD5B0E /* GridDetailsViewController.swift */; };
		CD1068B02B080AA600FD5B0E /* View.swift in Sources */ = {isa = PBXBuildFile; fileRef = CD1068AF2B080AA600FD5B0E /* View.swift */; };
		CD1068B32B081B8800FD5B0E /* DataDetailsViewController.swift in Sources */ = {isa = PBXBuildFile; fileRef = CD1068B22B081B8800FD5B0E /* DataDetailsViewController.swift */; };
		CD1068B62B0921FA00FD5B0E /* PriceArchiveViewController.swift in Sources */ = {isa = PBXBuildFile; fileRef = CD1068B52B0921FA00FD5B0E /* PriceArchiveViewController.swift */; };
		CD1068B82B0927B300FD5B0E /* PriceArchiveInteractor.swift in Sources */ = {isa = PBXBuildFile; fileRef = CD1068B72B0927B200FD5B0E /* PriceArchiveInteractor.swift */; };
		CD1068BA2B092D3300FD5B0E /* PriceCell.swift in Sources */ = {isa = PBXBuildFile; fileRef = CD1068B92B092D3300FD5B0E /* PriceCell.swift */; };
		CD1068BC2B092D9D00FD5B0E /* NumberFormatter.swift in Sources */ = {isa = PBXBuildFile; fileRef = CD1068BB2B092D9D00FD5B0E /* NumberFormatter.swift */; };
		CD1068BE2B112B4500FD5B0E /* Collection.swift in Sources */ = {isa = PBXBuildFile; fileRef = CD1068BD2B112B4500FD5B0E /* Collection.swift */; };
		CD1068C32B12B78B00FD5B0E /* Notification.swift in Sources */ = {isa = PBXBuildFile; fileRef = CD1068C22B12B78B00FD5B0E /* Notification.swift */; };
		CD1068C82B12BC2400FD5B0E /* AutoCopyNotification.generated.swift in Sources */ = {isa = PBXBuildFile; fileRef = CD1068C62B12BC2400FD5B0E /* AutoCopyNotification.generated.swift */; };
		CD1068CA2B13870300FD5B0E /* NotificationViewController.swift in Sources */ = {isa = PBXBuildFile; fileRef = CD1068C92B13870300FD5B0E /* NotificationViewController.swift */; };
		CD2CFE0128E0D2A500DC55C1 /* NotificationScheduler.swift in Sources */ = {isa = PBXBuildFile; fileRef = CD2CFE0028E0D2A500DC55C1 /* NotificationScheduler.swift */; };
		CD36624729281614009FAC8B /* Flogger in Frameworks */ = {isa = PBXBuildFile; productRef = CD36624629281614009FAC8B /* Flogger */; };
		CD4022E82A34AA2B00027798 /* SugarKit in Frameworks */ = {isa = PBXBuildFile; productRef = CD4022E72A34AA2B00027798 /* SugarKit */; };
		CD484BA02B32225000AC72E2 /* PriceHeaderView.swift in Sources */ = {isa = PBXBuildFile; fileRef = CD484B9F2B32225000AC72E2 /* PriceHeaderView.swift */; };
		CD51C6692B27AF2F002524A6 /* ConfigurationService.swift in Sources */ = {isa = PBXBuildFile; fileRef = CD51C6682B27AF2F002524A6 /* ConfigurationService.swift */; };
		CD51C66B2B27AFAB002524A6 /* Configuration.swift in Sources */ = {isa = PBXBuildFile; fileRef = CD51C66A2B27AFAB002524A6 /* Configuration.swift */; };
		CD5C58CC2ADBFD4A00143060 /* CSQLite in Frameworks */ = {isa = PBXBuildFile; productRef = CD5C58CB2ADBFD4A00143060 /* CSQLite */; };
		CD5C58CE2ADBFD5E00143060 /* CSQLite in Frameworks */ = {isa = PBXBuildFile; productRef = CD5C58CD2ADBFD5E00143060 /* CSQLite */; };
		CD5C58D02AE4824900143060 /* ChargesRepository.swift in Sources */ = {isa = PBXBuildFile; fileRef = CD5C58CF2AE4824900143060 /* ChargesRepository.swift */; };
		CD5C58D22AE4844B00143060 /* ChargeDatabase.swift in Sources */ = {isa = PBXBuildFile; fileRef = CD5C58D12AE4844B00143060 /* ChargeDatabase.swift */; };
		CD5C58D42AE59E0200143060 /* NetworkPrice.swift in Sources */ = {isa = PBXBuildFile; fileRef = CD5C58D32AE59E0200143060 /* NetworkPrice.swift */; };
		CD5C58D82AE7018E00143060 /* GridPrice.swift in Sources */ = {isa = PBXBuildFile; fileRef = CD5C58D72AE7018E00143060 /* GridPrice.swift */; };
		CD5C58DA2AE8612100143060 /* Network.swift in Sources */ = {isa = PBXBuildFile; fileRef = CD5C58D92AE8612100143060 /* Network.swift */; };
		CD5E309228B2583600DBA019 /* assets in Resources */ = {isa = PBXBuildFile; fileRef = CD5E309028B2583600DBA019 /* assets */; };
		CD5E309328B2583600DBA019 /* packages in Resources */ = {isa = PBXBuildFile; fileRef = CD5E309128B2583600DBA019 /* packages */; };
		CD5E309528B25B1800DBA019 /* TitleAndTextViewController.swift in Sources */ = {isa = PBXBuildFile; fileRef = CD5E309428B25B1800DBA019 /* TitleAndTextViewController.swift */; };
		CD81C59B2A6DBDD300E88418 /* Charges.swift in Sources */ = {isa = PBXBuildFile; fileRef = CD81C59A2A6DBDD300E88418 /* Charges.swift */; };
		CD821E002B91111200754FDE /* FAQViewController.swift in Sources */ = {isa = PBXBuildFile; fileRef = CD821DFF2B91111200754FDE /* FAQViewController.swift */; };
		CD8801242A61E18300A30B1D /* SugarKit in Frameworks */ = {isa = PBXBuildFile; productRef = CD8801232A61E18300A30B1D /* SugarKit */; };
		CD8A4BC528BA6DB000EC68E3 /* Price.swift in Sources */ = {isa = PBXBuildFile; fileRef = CD8A4BC428BA6DB000EC68E3 /* Price.swift */; };
		CD8B43B42B509A1F00AE93F2 /* electricity.json in Resources */ = {isa = PBXBuildFile; fileRef = CD8B43B32B509A1F00AE93F2 /* electricity.json */; };
		CD8B43B62B509B1000AE93F2 /* AnimationView.swift in Sources */ = {isa = PBXBuildFile; fileRef = CD8B43B52B509B1000AE93F2 /* AnimationView.swift */; };
		CD8B43B82B51CC4E00AE93F2 /* euro.json in Resources */ = {isa = PBXBuildFile; fileRef = CD8B43B72B51CC4E00AE93F2 /* euro.json */; };
		CDA0E40A2AC8C0DA00FF364D /* Evaluation.swift in Sources */ = {isa = PBXBuildFile; fileRef = CDA0E4092AC8C0DA00FF364D /* Evaluation.swift */; };
		CDA0E4122AC982EC00FF364D /* EvaluationTests.swift in Sources */ = {isa = PBXBuildFile; fileRef = CDA0E4112AC982EC00FF364D /* EvaluationTests.swift */; };
		CDA0E4192AC988A000FF364D /* EnergyPrices.swift in Sources */ = {isa = PBXBuildFile; fileRef = CDA0E4182AC988A000FF364D /* EnergyPrices.swift */; };
		CDA37DF12ADB24F0004B44B0 /* ChargesService.swift in Sources */ = {isa = PBXBuildFile; fileRef = CDA37DF02ADB24F0004B44B0 /* ChargesService.swift */; };
		CDA37DF32ADB3174004B44B0 /* MultiColorGaugeView.swift in Sources */ = {isa = PBXBuildFile; fileRef = CDA37DF22ADB3174004B44B0 /* MultiColorGaugeView.swift */; };
		CDA7A6012B254241004CF7D1 /* Bundle.swift in Sources */ = {isa = PBXBuildFile; fileRef = CDA7A6002B254241004CF7D1 /* Bundle.swift */; };
		CDA7A6032B2619FE004CF7D1 /* StoreKit.framework in Frameworks */ = {isa = PBXBuildFile; fileRef = CDA7A6022B2619FE004CF7D1 /* StoreKit.framework */; };
		CDC25BC32B49C553005453F8 /* OnBoardingViewController.swift in Sources */ = {isa = PBXBuildFile; fileRef = CDC25BC22B49C553005453F8 /* OnBoardingViewController.swift */; };
		CDC25BCB2B4F38B2005453F8 /* loading.json in Resources */ = {isa = PBXBuildFile; fileRef = CDC25BC82B4F38B2005453F8 /* loading.json */; };
		CDC25BCC2B4F38B2005453F8 /* question-mark.json in Resources */ = {isa = PBXBuildFile; fileRef = CDC25BC92B4F38B2005453F8 /* question-mark.json */; };
		CDC25BCD2B4F38B2005453F8 /* location-selection.json in Resources */ = {isa = PBXBuildFile; fileRef = CDC25BCA2B4F38B2005453F8 /* location-selection.json */; };
		CDE77AC428C369370021EEDD /* Migratable.swift in Sources */ = {isa = PBXBuildFile; fileRef = CDE77AC328C369370021EEDD /* Migratable.swift */; };
		CDEAF3332B1BAEA700C4ED7A /* StackviewCell.swift in Sources */ = {isa = PBXBuildFile; fileRef = CDEAF3322B1BAEA700C4ED7A /* StackviewCell.swift */; };
/* End PBXBuildFile section */

/* Begin PBXContainerItemProxy section */
		CDA0E4132AC982EC00FF364D /* PBXContainerItemProxy */ = {
			isa = PBXContainerItemProxy;
			containerPortal = 387FF5EE286B909B0051E3DC /* Project object */;
			proxyType = 1;
			remoteGlobalIDString = 387FF5F5286B909B0051E3DC;
			remoteInfo = Powercast;
		};
/* End PBXContainerItemProxy section */

/* Begin PBXFileReference section */
		380CE8E52888901A0003FF36 /* EnergyPriceDatabase.swift */ = {isa = PBXFileReference; fileEncoding = 4; lastKnownFileType = sourcecode.swift; path = EnergyPriceDatabase.swift; sourceTree = "<group>"; };
		380CE8ED288893F90003FF36 /* Animations.swift */ = {isa = PBXFileReference; lastKnownFileType = sourcecode.swift; path = Animations.swift; sourceTree = "<group>"; };
		380CE8F9288AE55A0003FF36 /* ViewControllers.swift */ = {isa = PBXFileReference; fileEncoding = 4; lastKnownFileType = sourcecode.swift; path = ViewControllers.swift; sourceTree = "<group>"; };
		380CE904288AF2040003FF36 /* AppConfiguration.swift */ = {isa = PBXFileReference; lastKnownFileType = sourcecode.swift; path = AppConfiguration.swift; sourceTree = "<group>"; };
		384E642D288D90EF004ADCB1 /* BackgroundScheduler.swift */ = {isa = PBXFileReference; fileEncoding = 4; lastKnownFileType = sourcecode.swift; path = BackgroundScheduler.swift; sourceTree = "<group>"; };
		384E6434288D9E38004ADCB1 /* StateRepository.swift */ = {isa = PBXFileReference; fileEncoding = 4; lastKnownFileType = sourcecode.swift; path = StateRepository.swift; sourceTree = "<group>"; };
		384E6439288DAA56004ADCB1 /* Sourcery.swift */ = {isa = PBXFileReference; lastKnownFileType = sourcecode.swift; path = Sourcery.swift; sourceTree = "<group>"; };
		384E6443288DBD53004ADCB1 /* AlexBrush-Regular.ttf */ = {isa = PBXFileReference; lastKnownFileType = file; path = "AlexBrush-Regular.ttf"; sourceTree = "<group>"; };
		384E6445288DC430004ADCB1 /* Fonts.swift */ = {isa = PBXFileReference; lastKnownFileType = sourcecode.swift; path = Fonts.swift; sourceTree = "<group>"; };
		384E646A288EDAAF004ADCB1 /* Appearence.swift */ = {isa = PBXFileReference; lastKnownFileType = sourcecode.swift; path = Appearence.swift; sourceTree = "<group>"; };
		384E64772891650E004ADCB1 /* DataLoadingInteractor.swift */ = {isa = PBXFileReference; fileEncoding = 4; lastKnownFileType = sourcecode.swift; path = DataLoadingInteractor.swift; sourceTree = "<group>"; };
		384E64782891650E004ADCB1 /* DataLoadingViewController.swift */ = {isa = PBXFileReference; fileEncoding = 4; lastKnownFileType = sourcecode.swift; path = DataLoadingViewController.swift; sourceTree = "<group>"; };
		387FF5F6286B909B0051E3DC /* Powercast.app */ = {isa = PBXFileReference; explicitFileType = wrapper.application; includeInIndex = 0; path = Powercast.app; sourceTree = BUILT_PRODUCTS_DIR; };
		387FF5F9286B909B0051E3DC /* AppDelegate.swift */ = {isa = PBXFileReference; lastKnownFileType = sourcecode.swift; path = AppDelegate.swift; sourceTree = "<group>"; };
		387FF5FB286B909B0051E3DC /* SceneDelegate.swift */ = {isa = PBXFileReference; lastKnownFileType = sourcecode.swift; path = SceneDelegate.swift; sourceTree = "<group>"; };
		387FF602286B90A40051E3DC /* Assets.xcassets */ = {isa = PBXFileReference; lastKnownFileType = folder.assetcatalog; path = Assets.xcassets; sourceTree = "<group>"; };
		387FF605286B90A40051E3DC /* Base */ = {isa = PBXFileReference; lastKnownFileType = file.storyboard; name = Base; path = Base.lproj/LaunchScreen.storyboard; sourceTree = "<group>"; };
		387FF607286B90A40051E3DC /* Info.plist */ = {isa = PBXFileReference; lastKnownFileType = text.plist.xml; path = Info.plist; sourceTree = "<group>"; };
		387FF60D286B95B00051E3DC /* App.swift */ = {isa = PBXFileReference; lastKnownFileType = sourcecode.swift; path = App.swift; sourceTree = "<group>"; };
		387FF60F286B95BB0051E3DC /* global.swift */ = {isa = PBXFileReference; lastKnownFileType = sourcecode.swift; path = global.swift; sourceTree = "<group>"; };
		389F717C28997B2B0007C2E0 /* MenuViewController.swift */ = {isa = PBXFileReference; lastKnownFileType = sourcecode.swift; path = MenuViewController.swift; sourceTree = "<group>"; };
		389F717E289982630007C2E0 /* Drawer.swift */ = {isa = PBXFileReference; lastKnownFileType = sourcecode.swift; path = Drawer.swift; sourceTree = "<group>"; };
		38DF5ABD28707A7E008630FB /* Translations.swift */ = {isa = PBXFileReference; fileEncoding = 4; lastKnownFileType = sourcecode.swift; path = Translations.swift; sourceTree = "<group>"; };
		38DF5AC128708077008630FB /* en-GB */ = {isa = PBXFileReference; lastKnownFileType = text.plist.strings; name = "en-GB"; path = "en-GB.lproj/Localizable.strings"; sourceTree = "<group>"; };
		38DF5AC328708077008630FB /* en-GB */ = {isa = PBXFileReference; lastKnownFileType = text.plist.strings; name = "en-GB"; path = "en-GB.lproj/InfoPlist.strings"; sourceTree = "<group>"; };
		38DF5AC428708077008630FB /* da */ = {isa = PBXFileReference; lastKnownFileType = text.plist.strings; name = da; path = da.lproj/Localizable.strings; sourceTree = "<group>"; };
		38DF5AC528708077008630FB /* da */ = {isa = PBXFileReference; lastKnownFileType = text.plist.strings; name = da; path = da.lproj/InfoPlist.strings; sourceTree = "<group>"; };
		38DF5AC628708077008630FB /* Base */ = {isa = PBXFileReference; lastKnownFileType = text.plist.strings; name = Base; path = Base.lproj/Localizable.strings; sourceTree = "<group>"; };
		38DF5AC728708077008630FB /* Base */ = {isa = PBXFileReference; lastKnownFileType = text.plist.strings; name = Base; path = Base.lproj/InfoPlist.strings; sourceTree = "<group>"; };
		38E0FA642884759B0096B98A /* EnergyPriceRepository.swift */ = {isa = PBXFileReference; fileEncoding = 4; lastKnownFileType = sourcecode.swift; path = EnergyPriceRepository.swift; sourceTree = "<group>"; };
		38E0FA67288476C40096B98A /* EnergyPriceService.swift */ = {isa = PBXFileReference; fileEncoding = 4; lastKnownFileType = sourcecode.swift; path = EnergyPriceService.swift; sourceTree = "<group>"; };
		38E0FA6D2884803F0096B98A /* EnergyPrice.swift */ = {isa = PBXFileReference; fileEncoding = 4; lastKnownFileType = sourcecode.swift; path = EnergyPrice.swift; sourceTree = "<group>"; };
		38E0FA6F2884808D0096B98A /* Zone.swift */ = {isa = PBXFileReference; lastKnownFileType = sourcecode.swift; path = Zone.swift; sourceTree = "<group>"; };
		38E0FA712884822C0096B98A /* _Database.swift */ = {isa = PBXFileReference; lastKnownFileType = sourcecode.swift; path = _Database.swift; sourceTree = "<group>"; };
		38ECF94A289B0ACF00ED8372 /* Date.swift */ = {isa = PBXFileReference; lastKnownFileType = sourcecode.swift; path = Date.swift; sourceTree = "<group>"; };
		38ECF94C289C467B00ED8372 /* TimeInterval.swift */ = {isa = PBXFileReference; lastKnownFileType = sourcecode.swift; path = TimeInterval.swift; sourceTree = "<group>"; };
		38FD15C828833A5B001C38F9 /* AppNavigation.swift */ = {isa = PBXFileReference; lastKnownFileType = sourcecode.swift; path = AppNavigation.swift; sourceTree = "<group>"; };
		38FD15DA28835353001C38F9 /* SettingsViewController.swift */ = {isa = PBXFileReference; lastKnownFileType = sourcecode.swift; path = SettingsViewController.swift; sourceTree = "<group>"; };
		38FD15DE28835528001C38F9 /* LicensesViewController.swift */ = {isa = PBXFileReference; lastKnownFileType = sourcecode.swift; path = LicensesViewController.swift; sourceTree = "<group>"; };
		CD1068852AF95A7300FD5B0E /* NetworkSelectionViewController.swift */ = {isa = PBXFileReference; fileEncoding = 4; lastKnownFileType = sourcecode.swift; path = NetworkSelectionViewController.swift; sourceTree = "<group>"; };
		CD10688A2AFC333500FD5B0E /* LaunchInteractor.swift */ = {isa = PBXFileReference; fileEncoding = 4; lastKnownFileType = sourcecode.swift; path = LaunchInteractor.swift; sourceTree = "<group>"; };
		CD10688B2AFC333500FD5B0E /* LaunchViewController.swift */ = {isa = PBXFileReference; fileEncoding = 4; lastKnownFileType = sourcecode.swift; path = LaunchViewController.swift; sourceTree = "<group>"; };
		CD10688E2AFEF62D00FD5B0E /* Observer.swift */ = {isa = PBXFileReference; lastKnownFileType = sourcecode.swift; path = Observer.swift; sourceTree = "<group>"; };
		CD1068902B000B9C00FD5B0E /* PriceTableDatasource.swift */ = {isa = PBXFileReference; lastKnownFileType = sourcecode.swift; path = PriceTableDatasource.swift; sourceTree = "<group>"; };
		CD1068942B040F5A00FD5B0E /* EmissionService.swift */ = {isa = PBXFileReference; fileEncoding = 4; lastKnownFileType = sourcecode.swift; path = EmissionService.swift; sourceTree = "<group>"; };
		CD1068962B0410F100FD5B0E /* Co2.swift */ = {isa = PBXFileReference; lastKnownFileType = sourcecode.swift; path = Co2.swift; sourceTree = "<group>"; };
		CD1068982B0411D700FD5B0E /* EmissionDatabase.swift */ = {isa = PBXFileReference; lastKnownFileType = sourcecode.swift; path = EmissionDatabase.swift; sourceTree = "<group>"; };
		CD10689A2B0412F300FD5B0E /* EmissionCo2Repository.swift */ = {isa = PBXFileReference; lastKnownFileType = sourcecode.swift; path = EmissionCo2Repository.swift; sourceTree = "<group>"; };
		CD10689C2B04165600FD5B0E /* EmissionRepository.swift */ = {isa = PBXFileReference; lastKnownFileType = sourcecode.swift; path = EmissionRepository.swift; sourceTree = "<group>"; };
		CD10689E2B05425B00FD5B0E /* Emission.swift */ = {isa = PBXFileReference; lastKnownFileType = sourcecode.swift; path = Emission.swift; sourceTree = "<group>"; };
		CD1068A02B05476600FD5B0E /* EmissionTableDataSource.swift */ = {isa = PBXFileReference; lastKnownFileType = sourcecode.swift; path = EmissionTableDataSource.swift; sourceTree = "<group>"; };
		CD1068A32B06AF6D00FD5B0E /* DashboardInteractor.swift */ = {isa = PBXFileReference; fileEncoding = 4; lastKnownFileType = sourcecode.swift; path = DashboardInteractor.swift; sourceTree = "<group>"; };
		CD1068A42B06AF6D00FD5B0E /* DashboardViewController.swift */ = {isa = PBXFileReference; fileEncoding = 4; lastKnownFileType = sourcecode.swift; path = DashboardViewController.swift; sourceTree = "<group>"; };
		CD1068A82B06B21600FD5B0E /* NetworkDetailsViewController.swift */ = {isa = PBXFileReference; fileEncoding = 4; lastKnownFileType = sourcecode.swift; path = NetworkDetailsViewController.swift; sourceTree = "<group>"; };
		CD1068AA2B07F17800FD5B0E /* DateInterval.swift */ = {isa = PBXFileReference; lastKnownFileType = sourcecode.swift; path = DateInterval.swift; sourceTree = "<group>"; };
		CD1068AD2B07FEAA00FD5B0E /* GridDetailsViewController.swift */ = {isa = PBXFileReference; fileEncoding = 4; lastKnownFileType = sourcecode.swift; path = GridDetailsViewController.swift; sourceTree = "<group>"; };
		CD1068AF2B080AA600FD5B0E /* View.swift */ = {isa = PBXFileReference; lastKnownFileType = sourcecode.swift; path = View.swift; sourceTree = "<group>"; };
		CD1068B22B081B8800FD5B0E /* DataDetailsViewController.swift */ = {isa = PBXFileReference; fileEncoding = 4; lastKnownFileType = sourcecode.swift; path = DataDetailsViewController.swift; sourceTree = "<group>"; };
		CD1068B52B0921FA00FD5B0E /* PriceArchiveViewController.swift */ = {isa = PBXFileReference; fileEncoding = 4; lastKnownFileType = sourcecode.swift; path = PriceArchiveViewController.swift; sourceTree = "<group>"; };
		CD1068B72B0927B200FD5B0E /* PriceArchiveInteractor.swift */ = {isa = PBXFileReference; lastKnownFileType = sourcecode.swift; path = PriceArchiveInteractor.swift; sourceTree = "<group>"; };
		CD1068B92B092D3300FD5B0E /* PriceCell.swift */ = {isa = PBXFileReference; lastKnownFileType = sourcecode.swift; path = PriceCell.swift; sourceTree = "<group>"; };
		CD1068BB2B092D9D00FD5B0E /* NumberFormatter.swift */ = {isa = PBXFileReference; lastKnownFileType = sourcecode.swift; path = NumberFormatter.swift; sourceTree = "<group>"; };
		CD1068BD2B112B4500FD5B0E /* Collection.swift */ = {isa = PBXFileReference; lastKnownFileType = sourcecode.swift; path = Collection.swift; sourceTree = "<group>"; };
		CD1068C22B12B78B00FD5B0E /* Notification.swift */ = {isa = PBXFileReference; lastKnownFileType = sourcecode.swift; path = Notification.swift; sourceTree = "<group>"; };
		CD1068C62B12BC2400FD5B0E /* AutoCopyNotification.generated.swift */ = {isa = PBXFileReference; fileEncoding = 4; lastKnownFileType = sourcecode.swift; path = AutoCopyNotification.generated.swift; sourceTree = "<group>"; };
		CD1068C92B13870300FD5B0E /* NotificationViewController.swift */ = {isa = PBXFileReference; lastKnownFileType = sourcecode.swift; path = NotificationViewController.swift; sourceTree = "<group>"; };
		CD2CFE0028E0D2A500DC55C1 /* NotificationScheduler.swift */ = {isa = PBXFileReference; lastKnownFileType = sourcecode.swift; path = NotificationScheduler.swift; sourceTree = "<group>"; };
		CD484B9F2B32225000AC72E2 /* PriceHeaderView.swift */ = {isa = PBXFileReference; lastKnownFileType = sourcecode.swift; path = PriceHeaderView.swift; sourceTree = "<group>"; };
		CD51C6682B27AF2F002524A6 /* ConfigurationService.swift */ = {isa = PBXFileReference; lastKnownFileType = sourcecode.swift; path = ConfigurationService.swift; sourceTree = "<group>"; };
		CD51C66A2B27AFAB002524A6 /* Configuration.swift */ = {isa = PBXFileReference; lastKnownFileType = sourcecode.swift; path = Configuration.swift; sourceTree = "<group>"; };
		CD5C58CF2AE4824900143060 /* ChargesRepository.swift */ = {isa = PBXFileReference; lastKnownFileType = sourcecode.swift; path = ChargesRepository.swift; sourceTree = "<group>"; };
		CD5C58D12AE4844B00143060 /* ChargeDatabase.swift */ = {isa = PBXFileReference; lastKnownFileType = sourcecode.swift; path = ChargeDatabase.swift; sourceTree = "<group>"; };
		CD5C58D32AE59E0200143060 /* NetworkPrice.swift */ = {isa = PBXFileReference; lastKnownFileType = sourcecode.swift; path = NetworkPrice.swift; sourceTree = "<group>"; };
		CD5C58D72AE7018E00143060 /* GridPrice.swift */ = {isa = PBXFileReference; fileEncoding = 4; lastKnownFileType = sourcecode.swift; path = GridPrice.swift; sourceTree = "<group>"; };
		CD5C58D92AE8612100143060 /* Network.swift */ = {isa = PBXFileReference; lastKnownFileType = sourcecode.swift; path = Network.swift; sourceTree = "<group>"; };
		CD5E309028B2583600DBA019 /* assets */ = {isa = PBXFileReference; lastKnownFileType = folder; path = assets; sourceTree = "<group>"; };
		CD5E309128B2583600DBA019 /* packages */ = {isa = PBXFileReference; lastKnownFileType = folder; path = packages; sourceTree = "<group>"; };
		CD5E309428B25B1800DBA019 /* TitleAndTextViewController.swift */ = {isa = PBXFileReference; lastKnownFileType = sourcecode.swift; path = TitleAndTextViewController.swift; sourceTree = "<group>"; };
		CD81C59A2A6DBDD300E88418 /* Charges.swift */ = {isa = PBXFileReference; lastKnownFileType = sourcecode.swift; path = Charges.swift; sourceTree = "<group>"; };
		CD821DFF2B91111200754FDE /* FAQViewController.swift */ = {isa = PBXFileReference; lastKnownFileType = sourcecode.swift; path = FAQViewController.swift; sourceTree = "<group>"; };
		CD8A4BC428BA6DB000EC68E3 /* Price.swift */ = {isa = PBXFileReference; lastKnownFileType = sourcecode.swift; path = Price.swift; sourceTree = "<group>"; };
		CD8A4BC928BC1B9100EC68E3 /* Local.xcconfig */ = {isa = PBXFileReference; fileEncoding = 4; lastKnownFileType = text.xcconfig; path = Local.xcconfig; sourceTree = "<group>"; };
		CD8B43B32B509A1F00AE93F2 /* electricity.json */ = {isa = PBXFileReference; fileEncoding = 4; lastKnownFileType = text.json; path = electricity.json; sourceTree = "<group>"; };
		CD8B43B52B509B1000AE93F2 /* AnimationView.swift */ = {isa = PBXFileReference; lastKnownFileType = sourcecode.swift; path = AnimationView.swift; sourceTree = "<group>"; };
		CD8B43B72B51CC4E00AE93F2 /* euro.json */ = {isa = PBXFileReference; fileEncoding = 4; lastKnownFileType = text.json; path = euro.json; sourceTree = "<group>"; };
		CDA0E4092AC8C0DA00FF364D /* Evaluation.swift */ = {isa = PBXFileReference; lastKnownFileType = sourcecode.swift; path = Evaluation.swift; sourceTree = "<group>"; };
		CDA0E40F2AC982EC00FF364D /* PowercastTests.xctest */ = {isa = PBXFileReference; explicitFileType = wrapper.cfbundle; includeInIndex = 0; path = PowercastTests.xctest; sourceTree = BUILT_PRODUCTS_DIR; };
		CDA0E4112AC982EC00FF364D /* EvaluationTests.swift */ = {isa = PBXFileReference; lastKnownFileType = sourcecode.swift; path = EvaluationTests.swift; sourceTree = "<group>"; };
		CDA0E4182AC988A000FF364D /* EnergyPrices.swift */ = {isa = PBXFileReference; lastKnownFileType = sourcecode.swift; path = EnergyPrices.swift; sourceTree = "<group>"; };
		CDA37DF02ADB24F0004B44B0 /* ChargesService.swift */ = {isa = PBXFileReference; lastKnownFileType = sourcecode.swift; path = ChargesService.swift; sourceTree = "<group>"; };
		CDA37DF22ADB3174004B44B0 /* MultiColorGaugeView.swift */ = {isa = PBXFileReference; lastKnownFileType = sourcecode.swift; path = MultiColorGaugeView.swift; sourceTree = "<group>"; };
		CDA7A6002B254241004CF7D1 /* Bundle.swift */ = {isa = PBXFileReference; lastKnownFileType = sourcecode.swift; path = Bundle.swift; sourceTree = "<group>"; };
		CDA7A6022B2619FE004CF7D1 /* StoreKit.framework */ = {isa = PBXFileReference; lastKnownFileType = wrapper.framework; name = StoreKit.framework; path = System/Library/Frameworks/StoreKit.framework; sourceTree = SDKROOT; };
		CDC25BC22B49C553005453F8 /* OnBoardingViewController.swift */ = {isa = PBXFileReference; lastKnownFileType = sourcecode.swift; path = OnBoardingViewController.swift; sourceTree = "<group>"; };
		CDC25BC82B4F38B2005453F8 /* loading.json */ = {isa = PBXFileReference; fileEncoding = 4; lastKnownFileType = text.json; path = loading.json; sourceTree = "<group>"; };
		CDC25BC92B4F38B2005453F8 /* question-mark.json */ = {isa = PBXFileReference; fileEncoding = 4; lastKnownFileType = text.json; path = "question-mark.json"; sourceTree = "<group>"; };
		CDC25BCA2B4F38B2005453F8 /* location-selection.json */ = {isa = PBXFileReference; fileEncoding = 4; lastKnownFileType = text.json; path = "location-selection.json"; sourceTree = "<group>"; };
		CDE77AC328C369370021EEDD /* Migratable.swift */ = {isa = PBXFileReference; lastKnownFileType = sourcecode.swift; path = Migratable.swift; sourceTree = "<group>"; };
		CDEAF3322B1BAEA700C4ED7A /* StackviewCell.swift */ = {isa = PBXFileReference; fileEncoding = 4; lastKnownFileType = sourcecode.swift; path = StackviewCell.swift; sourceTree = "<group>"; };
/* End PBXFileReference section */

/* Begin PBXFrameworksBuildPhase section */
		387FF5F3286B909B0051E3DC /* Frameworks */ = {
			isa = PBXFrameworksBuildPhase;
			buildActionMask = 2147483647;
			files = (
				CD5C58CE2ADBFD5E00143060 /* CSQLite in Frameworks */,
				CDA7A6032B2619FE004CF7D1 /* StoreKit.framework in Frameworks */,
				CD8801242A61E18300A30B1D /* SugarKit in Frameworks */,
				CD36624729281614009FAC8B /* Flogger in Frameworks */,
				38E0FA61288441BE0096B98A /* GRDB in Frameworks */,
				CD4022E82A34AA2B00027798 /* SugarKit in Frameworks */,
				380CE8E9288892490003FF36 /* Lottie in Frameworks */,
			);
			runOnlyForDeploymentPostprocessing = 0;
		};
		CDA0E40C2AC982EC00FF364D /* Frameworks */ = {
			isa = PBXFrameworksBuildPhase;
			buildActionMask = 2147483647;
			files = (
				CD5C58CC2ADBFD4A00143060 /* CSQLite in Frameworks */,
			);
			runOnlyForDeploymentPostprocessing = 0;
		};
/* End PBXFrameworksBuildPhase section */

/* Begin PBXGroup section */
		380CE8E42888901A0003FF36 /* Migrations */ = {
			isa = PBXGroup;
			children = (
				CD5C58D12AE4844B00143060 /* ChargeDatabase.swift */,
				CD1068982B0411D700FD5B0E /* EmissionDatabase.swift */,
				380CE8E52888901A0003FF36 /* EnergyPriceDatabase.swift */,
				CDE77AC328C369370021EEDD /* Migratable.swift */,
			);
			path = Migrations;
			sourceTree = "<group>";
		};
		380CE8EA288893E30003FF36 /* Assets.Animations */ = {
			isa = PBXGroup;
			children = (
				CD8B43B32B509A1F00AE93F2 /* electricity.json */,
				CD8B43B72B51CC4E00AE93F2 /* euro.json */,
				CDC25BC82B4F38B2005453F8 /* loading.json */,
				CDC25BCA2B4F38B2005453F8 /* location-selection.json */,
				CDC25BC92B4F38B2005453F8 /* question-mark.json */,
			);
			path = Assets.Animations;
			sourceTree = "<group>";
		};
		380CE8F2288AE55A0003FF36 /* Common */ = {
			isa = PBXGroup;
			children = (
				CD8B43B52B509B1000AE93F2 /* AnimationView.swift */,
				389F717E289982630007C2E0 /* Drawer.swift */,
				CDA37DF22ADB3174004B44B0 /* MultiColorGaugeView.swift */,
				CD1068B92B092D3300FD5B0E /* PriceCell.swift */,
				CD484B9F2B32225000AC72E2 /* PriceHeaderView.swift */,
				CDEAF3322B1BAEA700C4ED7A /* StackviewCell.swift */,
				380CE8F9288AE55A0003FF36 /* ViewControllers.swift */,
			);
			path = Common;
			sourceTree = "<group>";
		};
		384E642C288D90EF004ADCB1 /* Schedulers */ = {
			isa = PBXGroup;
			children = (
				384E642D288D90EF004ADCB1 /* BackgroundScheduler.swift */,
				CD2CFE0028E0D2A500DC55C1 /* NotificationScheduler.swift */,
			);
			path = Schedulers;
			sourceTree = "<group>";
		};
		384E6442288DBD53004ADCB1 /* Assets.Fonts */ = {
			isa = PBXGroup;
			children = (
				384E6443288DBD53004ADCB1 /* AlexBrush-Regular.ttf */,
			);
			path = Assets.Fonts;
			sourceTree = "<group>";
		};
		384E647328915F52004ADCB1 /* Tools */ = {
			isa = PBXGroup;
			children = (
				384E646A288EDAAF004ADCB1 /* Appearence.swift */,
				CDA7A6002B254241004CF7D1 /* Bundle.swift */,
				CD1068BD2B112B4500FD5B0E /* Collection.swift */,
				38ECF94A289B0ACF00ED8372 /* Date.swift */,
				CD1068AA2B07F17800FD5B0E /* DateInterval.swift */,
				CD1068A02B05476600FD5B0E /* EmissionTableDataSource.swift */,
				CDA0E4092AC8C0DA00FF364D /* Evaluation.swift */,
				CD1068BB2B092D9D00FD5B0E /* NumberFormatter.swift */,
				CD10688E2AFEF62D00FD5B0E /* Observer.swift */,
				CD1068902B000B9C00FD5B0E /* PriceTableDatasource.swift */,
				38ECF94C289C467B00ED8372 /* TimeInterval.swift */,
				CD1068AF2B080AA600FD5B0E /* View.swift */,
			);
			path = Tools;
			sourceTree = "<group>";
		};
		384E64762891650E004ADCB1 /* DataLoading */ = {
			isa = PBXGroup;
			children = (
				384E64772891650E004ADCB1 /* DataLoadingInteractor.swift */,
				384E64782891650E004ADCB1 /* DataLoadingViewController.swift */,
			);
			path = DataLoading;
			sourceTree = "<group>";
		};
		387FF5ED286B909B0051E3DC = {
			isa = PBXGroup;
			children = (
				387FF5F8286B909B0051E3DC /* Powercast */,
				CDA0E4102AC982EC00FF364D /* PowercastTests */,
				387FF5F7286B909B0051E3DC /* Products */,
				CD4022E62A34AA2B00027798 /* Frameworks */,
			);
			sourceTree = "<group>";
		};
		387FF5F7286B909B0051E3DC /* Products */ = {
			isa = PBXGroup;
			children = (
				387FF5F6286B909B0051E3DC /* Powercast.app */,
				CDA0E40F2AC982EC00FF364D /* PowercastTests.xctest */,
			);
			name = Products;
			sourceTree = "<group>";
		};
		387FF5F8286B909B0051E3DC /* Powercast */ = {
			isa = PBXGroup;
			children = (
				387FF607286B90A40051E3DC /* Info.plist */,
				387FF60D286B95B00051E3DC /* App.swift */,
				380CE904288AF2040003FF36 /* AppConfiguration.swift */,
				387FF5F9286B909B0051E3DC /* AppDelegate.swift */,
				38FD15C828833A5B001C38F9 /* AppNavigation.swift */,
				387FF60F286B95BB0051E3DC /* global.swift */,
				387FF5FB286B909B0051E3DC /* SceneDelegate.swift */,
				384E6439288DAA56004ADCB1 /* Sourcery.swift */,
				387FF602286B90A40051E3DC /* Assets.xcassets */,
				CD8A4BC928BC1B9100EC68E3 /* Local.xcconfig */,
				38DF5AAB287079DE008630FB /* Assets */,
				380CE8EA288893E30003FF36 /* Assets.Animations */,
				384E6442288DBD53004ADCB1 /* Assets.Fonts */,
				CD5E307F28B2540200DBA019 /* Assets.Licenses */,
				CD1068C42B12BC2400FD5B0E /* Autogenerated */,
				38E0FA622884759B0096B98A /* Data */,
				387FF604286B90A40051E3DC /* LaunchScreen.storyboard */,
				384E647328915F52004ADCB1 /* Tools */,
				38FD15C5288335A1001C38F9 /* UI */,
			);
			path = Powercast;
			sourceTree = "<group>";
		};
		38DF5AAB287079DE008630FB /* Assets */ = {
			isa = PBXGroup;
			children = (
				380CE8ED288893F90003FF36 /* Animations.swift */,
				384E6445288DC430004ADCB1 /* Fonts.swift */,
				38DF5ABD28707A7E008630FB /* Translations.swift */,
				38DF5ABF28708077008630FB /* Translations */,
			);
			path = Assets;
			sourceTree = "<group>";
		};
		38DF5ABF28708077008630FB /* Translations */ = {
			isa = PBXGroup;
			children = (
				38DF5AC228708077008630FB /* InfoPlist.strings */,
				38DF5AC028708077008630FB /* Localizable.strings */,
			);
			path = Translations;
			sourceTree = "<group>";
		};
		38E0FA622884759B0096B98A /* Data */ = {
			isa = PBXGroup;
			children = (
				380CE8E42888901A0003FF36 /* Migrations */,
				38E0FA6C2884803F0096B98A /* Models */,
				38E0FA632884759B0096B98A /* Repositories */,
				384E642C288D90EF004ADCB1 /* Schedulers */,
				38E0FA66288476C40096B98A /* Services */,
			);
			path = Data;
			sourceTree = "<group>";
		};
		38E0FA632884759B0096B98A /* Repositories */ = {
			isa = PBXGroup;
			children = (
				CD5C58CF2AE4824900143060 /* ChargesRepository.swift */,
				CD10689A2B0412F300FD5B0E /* EmissionCo2Repository.swift */,
				CD10689C2B04165600FD5B0E /* EmissionRepository.swift */,
				38E0FA642884759B0096B98A /* EnergyPriceRepository.swift */,
				384E6434288D9E38004ADCB1 /* StateRepository.swift */,
			);
			path = Repositories;
			sourceTree = "<group>";
		};
		38E0FA66288476C40096B98A /* Services */ = {
			isa = PBXGroup;
			children = (
				CDA37DF02ADB24F0004B44B0 /* ChargesService.swift */,
				CD51C6682B27AF2F002524A6 /* ConfigurationService.swift */,
				CD1068942B040F5A00FD5B0E /* EmissionService.swift */,
				38E0FA67288476C40096B98A /* EnergyPriceService.swift */,
			);
			path = Services;
			sourceTree = "<group>";
		};
		38E0FA6C2884803F0096B98A /* Models */ = {
			isa = PBXGroup;
			children = (
				38E0FA712884822C0096B98A /* _Database.swift */,
				CD81C59A2A6DBDD300E88418 /* Charges.swift */,
				CD1068962B0410F100FD5B0E /* Co2.swift */,
				CD51C66A2B27AFAB002524A6 /* Configuration.swift */,
				CD10689E2B05425B00FD5B0E /* Emission.swift */,
				38E0FA6D2884803F0096B98A /* EnergyPrice.swift */,
				CD5C58D72AE7018E00143060 /* GridPrice.swift */,
				CD5C58D92AE8612100143060 /* Network.swift */,
				CD5C58D32AE59E0200143060 /* NetworkPrice.swift */,
				CD1068C22B12B78B00FD5B0E /* Notification.swift */,
				CD8A4BC428BA6DB000EC68E3 /* Price.swift */,
				38E0FA6F2884808D0096B98A /* Zone.swift */,
			);
			path = Models;
			sourceTree = "<group>";
		};
		38FD15C5288335A1001C38F9 /* UI */ = {
			isa = PBXGroup;
			children = (
				380CE8F2288AE55A0003FF36 /* Common */,
				38FD15CD28833AEA001C38F9 /* Screens */,
			);
			path = UI;
			sourceTree = "<group>";
		};
		38FD15CD28833AEA001C38F9 /* Screens */ = {
			isa = PBXGroup;
			children = (
				CD821DFF2B91111200754FDE /* FAQViewController.swift */,
				38FD15DE28835528001C38F9 /* LicensesViewController.swift */,
				389F717C28997B2B0007C2E0 /* MenuViewController.swift */,
				CD1068C92B13870300FD5B0E /* NotificationViewController.swift */,
				CDC25BC22B49C553005453F8 /* OnBoardingViewController.swift */,
				38FD15DA28835353001C38F9 /* SettingsViewController.swift */,
				CD5E309428B25B1800DBA019 /* TitleAndTextViewController.swift */,
				CD1068A22B06AF6D00FD5B0E /* Dashboard */,
				CD1068B12B081B8800FD5B0E /* DataDetailsViewController */,
				384E64762891650E004ADCB1 /* DataLoading */,
				CD1068AC2B07FEAA00FD5B0E /* GridDetails */,
				CD1068892AFC333500FD5B0E /* Launch */,
				CD1068A72B06B21600FD5B0E /* NetworkDetails */,
				CD1068842AF95A7300FD5B0E /* NetworkSelection */,
				CD1068B42B0921FA00FD5B0E /* PriceArchiveViewController */,
			);
			path = Screens;
			sourceTree = "<group>";
		};
		CD1068842AF95A7300FD5B0E /* NetworkSelection */ = {
			isa = PBXGroup;
			children = (
				CD1068852AF95A7300FD5B0E /* NetworkSelectionViewController.swift */,
			);
			path = NetworkSelection;
			sourceTree = "<group>";
		};
		CD1068892AFC333500FD5B0E /* Launch */ = {
			isa = PBXGroup;
			children = (
				CD10688A2AFC333500FD5B0E /* LaunchInteractor.swift */,
				CD10688B2AFC333500FD5B0E /* LaunchViewController.swift */,
			);
			path = Launch;
			sourceTree = "<group>";
		};
		CD1068A22B06AF6D00FD5B0E /* Dashboard */ = {
			isa = PBXGroup;
			children = (
				CD1068A32B06AF6D00FD5B0E /* DashboardInteractor.swift */,
				CD1068A42B06AF6D00FD5B0E /* DashboardViewController.swift */,
			);
			path = Dashboard;
			sourceTree = "<group>";
		};
		CD1068A72B06B21600FD5B0E /* NetworkDetails */ = {
			isa = PBXGroup;
			children = (
				CD1068A82B06B21600FD5B0E /* NetworkDetailsViewController.swift */,
			);
			path = NetworkDetails;
			sourceTree = "<group>";
		};
		CD1068AC2B07FEAA00FD5B0E /* GridDetails */ = {
			isa = PBXGroup;
			children = (
				CD1068AD2B07FEAA00FD5B0E /* GridDetailsViewController.swift */,
			);
			path = GridDetails;
			sourceTree = "<group>";
		};
		CD1068B12B081B8800FD5B0E /* DataDetailsViewController */ = {
			isa = PBXGroup;
			children = (
				CD1068B22B081B8800FD5B0E /* DataDetailsViewController.swift */,
			);
			path = DataDetailsViewController;
			sourceTree = "<group>";
		};
		CD1068B42B0921FA00FD5B0E /* PriceArchiveViewController */ = {
			isa = PBXGroup;
			children = (
				CD1068B72B0927B200FD5B0E /* PriceArchiveInteractor.swift */,
				CD1068B52B0921FA00FD5B0E /* PriceArchiveViewController.swift */,
			);
			path = PriceArchiveViewController;
			sourceTree = "<group>";
		};
		CD1068C42B12BC2400FD5B0E /* Autogenerated */ = {
			isa = PBXGroup;
			children = (
				CD1068C62B12BC2400FD5B0E /* AutoCopyNotification.generated.swift */,
			);
			path = Autogenerated;
			sourceTree = "<group>";
		};
		CD4022E62A34AA2B00027798 /* Frameworks */ = {
			isa = PBXGroup;
			children = (
				CDA7A6022B2619FE004CF7D1 /* StoreKit.framework */,
			);
			name = Frameworks;
			sourceTree = "<group>";
		};
		CD5E307F28B2540200DBA019 /* Assets.Licenses */ = {
			isa = PBXGroup;
			children = (
				CD5E309028B2583600DBA019 /* assets */,
				CD5E309128B2583600DBA019 /* packages */,
			);
			path = Assets.Licenses;
			sourceTree = "<group>";
		};
		CDA0E4102AC982EC00FF364D /* PowercastTests */ = {
			isa = PBXGroup;
			children = (
				CDA0E4182AC988A000FF364D /* EnergyPrices.swift */,
				CDA0E4112AC982EC00FF364D /* EvaluationTests.swift */,
			);
			path = PowercastTests;
			sourceTree = "<group>";
		};
/* End PBXGroup section */

/* Begin PBXNativeTarget section */
		387FF5F5286B909B0051E3DC /* Powercast */ = {
			isa = PBXNativeTarget;
			buildConfigurationList = 387FF60A286B90A40051E3DC /* Build configuration list for PBXNativeTarget "Powercast" */;
			buildPhases = (
				384E6438288DA97A004ADCB1 /* Sourcery */,
				387FF611286B98530051E3DC /* Swiftlint */,
				387FF5F2286B909B0051E3DC /* Sources */,
				387FF5F3286B909B0051E3DC /* Frameworks */,
				387FF5F4286B909B0051E3DC /* Resources */,
			);
			buildRules = (
			);
			dependencies = (
			);
			name = Powercast;
			packageProductDependencies = (
				38E0FA60288441BE0096B98A /* GRDB */,
				380CE8E8288892490003FF36 /* Lottie */,
				CD36624629281614009FAC8B /* Flogger */,
				CD4022E72A34AA2B00027798 /* SugarKit */,
				CD8801232A61E18300A30B1D /* SugarKit */,
				CD5C58CD2ADBFD5E00143060 /* CSQLite */,
			);
			productName = Powercast;
			productReference = 387FF5F6286B909B0051E3DC /* Powercast.app */;
			productType = "com.apple.product-type.application";
		};
		CDA0E40E2AC982EC00FF364D /* PowercastTests */ = {
			isa = PBXNativeTarget;
			buildConfigurationList = CDA0E4152AC982EC00FF364D /* Build configuration list for PBXNativeTarget "PowercastTests" */;
			buildPhases = (
				CDA0E40B2AC982EC00FF364D /* Sources */,
				CDA0E40C2AC982EC00FF364D /* Frameworks */,
				CDA0E40D2AC982EC00FF364D /* Resources */,
			);
			buildRules = (
			);
			dependencies = (
				CDA0E4142AC982EC00FF364D /* PBXTargetDependency */,
			);
			name = PowercastTests;
			packageProductDependencies = (
				CD5C58CB2ADBFD4A00143060 /* CSQLite */,
			);
			productName = PowercastTests;
			productReference = CDA0E40F2AC982EC00FF364D /* PowercastTests.xctest */;
			productType = "com.apple.product-type.bundle.unit-test";
		};
/* End PBXNativeTarget section */

/* Begin PBXProject section */
		387FF5EE286B909B0051E3DC /* Project object */ = {
			isa = PBXProject;
			attributes = {
				BuildIndependentTargetsInParallel = 1;
				LastSwiftUpdateCheck = 1500;
				LastUpgradeCheck = 1500;
				TargetAttributes = {
					387FF5F5286B909B0051E3DC = {
						CreatedOnToolsVersion = 13.4.1;
					};
					CDA0E40E2AC982EC00FF364D = {
						CreatedOnToolsVersion = 15.0;
						TestTargetID = 387FF5F5286B909B0051E3DC;
					};
				};
			};
			buildConfigurationList = 387FF5F1286B909B0051E3DC /* Build configuration list for PBXProject "Powercast" */;
			compatibilityVersion = "Xcode 13.0";
			developmentRegion = en;
			hasScannedForEncodings = 0;
			knownRegions = (
				en,
				Base,
				"en-GB",
				da,
			);
			mainGroup = 387FF5ED286B909B0051E3DC;
			packageReferences = (
				38E0FA5F288441BE0096B98A /* XCRemoteSwiftPackageReference "GRDB.swift" */,
				380CE8E7288892480003FF36 /* XCRemoteSwiftPackageReference "lottie-spm" */,
				CD36624529281614009FAC8B /* XCRemoteSwiftPackageReference "Flogger" */,
				CD8801222A61E18300A30B1D /* XCRemoteSwiftPackageReference "SugarKit" */,
			);
			productRefGroup = 387FF5F7286B909B0051E3DC /* Products */;
			projectDirPath = "";
			projectRoot = "";
			targets = (
				387FF5F5286B909B0051E3DC /* Powercast */,
				CDA0E40E2AC982EC00FF364D /* PowercastTests */,
			);
		};
/* End PBXProject section */

/* Begin PBXResourcesBuildPhase section */
		387FF5F4286B909B0051E3DC /* Resources */ = {
			isa = PBXResourcesBuildPhase;
			buildActionMask = 2147483647;
			files = (
				387FF606286B90A40051E3DC /* LaunchScreen.storyboard in Resources */,
				CD8B43B42B509A1F00AE93F2 /* electricity.json in Resources */,
				38DF5AC928708077008630FB /* InfoPlist.strings in Resources */,
				CDC25BCB2B4F38B2005453F8 /* loading.json in Resources */,
				CDC25BCD2B4F38B2005453F8 /* location-selection.json in Resources */,
				38DF5AC828708077008630FB /* Localizable.strings in Resources */,
				387FF603286B90A40051E3DC /* Assets.xcassets in Resources */,
				CD5E309328B2583600DBA019 /* packages in Resources */,
				CD8B43B82B51CC4E00AE93F2 /* euro.json in Resources */,
				CDC25BCC2B4F38B2005453F8 /* question-mark.json in Resources */,
				384E6444288DBD53004ADCB1 /* AlexBrush-Regular.ttf in Resources */,
				CD5E309228B2583600DBA019 /* assets in Resources */,
			);
			runOnlyForDeploymentPostprocessing = 0;
		};
		CDA0E40D2AC982EC00FF364D /* Resources */ = {
			isa = PBXResourcesBuildPhase;
			buildActionMask = 2147483647;
			files = (
			);
			runOnlyForDeploymentPostprocessing = 0;
		};
/* End PBXResourcesBuildPhase section */

/* Begin PBXShellScriptBuildPhase section */
		384E6438288DA97A004ADCB1 /* Sourcery */ = {
			isa = PBXShellScriptBuildPhase;
			alwaysOutOfDate = 1;
			buildActionMask = 2147483647;
			files = (
			);
			inputFileListPaths = (
			);
			inputPaths = (
			);
			name = Sourcery;
			outputFileListPaths = (
			);
			outputPaths = (
			);
			runOnlyForDeploymentPostprocessing = 0;
			shellPath = /bin/sh;
			shellScript = "export PATH=$HOME/.asdf/shims:$PATH\n\nif which sourcery > /dev/null; then\n  sourcery --sources Powercast/ --templates resources/stencils/ --output Powercast/Autogenerated/\nelse\n  echo \"warning: sourcery not installed\"\nfi\n";
		};
		387FF611286B98530051E3DC /* Swiftlint */ = {
			isa = PBXShellScriptBuildPhase;
			alwaysOutOfDate = 1;
			buildActionMask = 2147483647;
			files = (
			);
			inputFileListPaths = (
			);
			inputPaths = (
			);
			name = Swiftlint;
			outputFileListPaths = (
			);
			outputPaths = (
			);
			runOnlyForDeploymentPostprocessing = 0;
			shellPath = /bin/sh;
			shellScript = "export PATH=$HOME/.asdf/shims:$PATH\n\nif ! test -z $CI; then\n  echo \"info: SwiftLint not used for CI builds\"\nelif which swiftlint > /dev/null; then\n  swiftlint\nelse\n  echo \"warning: SwiftLint not installed\"\nfi\n";
		};
/* End PBXShellScriptBuildPhase section */

/* Begin PBXSourcesBuildPhase section */
		387FF5F2286B909B0051E3DC /* Sources */ = {
			isa = PBXSourcesBuildPhase;
			buildActionMask = 2147483647;
			files = (
				CD1068C82B12BC2400FD5B0E /* AutoCopyNotification.generated.swift in Sources */,
				CDA37DF32ADB3174004B44B0 /* MultiColorGaugeView.swift in Sources */,
				CD1068A52B06AF6D00FD5B0E /* DashboardInteractor.swift in Sources */,
				CD51C6692B27AF2F002524A6 /* ConfigurationService.swift in Sources */,
				CD821E002B91111200754FDE /* FAQViewController.swift in Sources */,
				380CE8E62888901A0003FF36 /* EnergyPriceDatabase.swift in Sources */,
				38FD15DF28835528001C38F9 /* LicensesViewController.swift in Sources */,
				38E0FA702884808D0096B98A /* Zone.swift in Sources */,
				CD1068B02B080AA600FD5B0E /* View.swift in Sources */,
				380CE8FF288AE55A0003FF36 /* ViewControllers.swift in Sources */,
				387FF60E286B95B00051E3DC /* App.swift in Sources */,
				384E647A2891650E004ADCB1 /* DataLoadingViewController.swift in Sources */,
				CD1068CA2B13870300FD5B0E /* NotificationViewController.swift in Sources */,
				384E6435288D9E38004ADCB1 /* StateRepository.swift in Sources */,
				CD10689B2B0412F300FD5B0E /* EmissionCo2Repository.swift in Sources */,
				38E0FA652884759B0096B98A /* EnergyPriceRepository.swift in Sources */,
				CD1068872AF95A7300FD5B0E /* NetworkSelectionViewController.swift in Sources */,
				CD5E309528B25B1800DBA019 /* TitleAndTextViewController.swift in Sources */,
				38FD15DB28835353001C38F9 /* SettingsViewController.swift in Sources */,
				CD5C58D02AE4824900143060 /* ChargesRepository.swift in Sources */,
				CD1068972B0410F100FD5B0E /* Co2.swift in Sources */,
				CD51C66B2B27AFAB002524A6 /* Configuration.swift in Sources */,
				CD10689F2B05425B00FD5B0E /* Emission.swift in Sources */,
				CDA0E40A2AC8C0DA00FF364D /* Evaluation.swift in Sources */,
				CD1068AE2B07FEAA00FD5B0E /* GridDetailsViewController.swift in Sources */,
				CD1068BC2B092D9D00FD5B0E /* NumberFormatter.swift in Sources */,
				CD1068B82B0927B300FD5B0E /* PriceArchiveInteractor.swift in Sources */,
				CD1068BE2B112B4500FD5B0E /* Collection.swift in Sources */,
				380CE8EE288893F90003FF36 /* Animations.swift in Sources */,
				384E64792891650E004ADCB1 /* DataLoadingInteractor.swift in Sources */,
				CD1068B62B0921FA00FD5B0E /* PriceArchiveViewController.swift in Sources */,
				387FF5FA286B909B0051E3DC /* AppDelegate.swift in Sources */,
				389F717F289982630007C2E0 /* Drawer.swift in Sources */,
				CD5C58D82AE7018E00143060 /* GridPrice.swift in Sources */,
				CD1068912B000B9C00FD5B0E /* PriceTableDatasource.swift in Sources */,
				CDA7A6012B254241004CF7D1 /* Bundle.swift in Sources */,
				CDE77AC428C369370021EEDD /* Migratable.swift in Sources */,
				CD1068C32B12B78B00FD5B0E /* Notification.swift in Sources */,
				38DF5ABE28707A7E008630FB /* Translations.swift in Sources */,
				CD1068A62B06AF6D00FD5B0E /* DashboardViewController.swift in Sources */,
				CD81C59B2A6DBDD300E88418 /* Charges.swift in Sources */,
				CD5C58DA2AE8612100143060 /* Network.swift in Sources */,
				CD10689D2B04165600FD5B0E /* EmissionRepository.swift in Sources */,
				CD1068A92B06B21600FD5B0E /* NetworkDetailsViewController.swift in Sources */,
				384E642E288D90EF004ADCB1 /* BackgroundScheduler.swift in Sources */,
				380CE905288AF2040003FF36 /* AppConfiguration.swift in Sources */,
				CD10688C2AFC333500FD5B0E /* LaunchInteractor.swift in Sources */,
				384E646B288EDAAF004ADCB1 /* Appearence.swift in Sources */,
				38FD15C928833A5B001C38F9 /* AppNavigation.swift in Sources */,
				CD1068952B040F5A00FD5B0E /* EmissionService.swift in Sources */,
				38E0FA6E2884803F0096B98A /* EnergyPrice.swift in Sources */,
				387FF5FC286B909B0051E3DC /* SceneDelegate.swift in Sources */,
				CDEAF3332B1BAEA700C4ED7A /* StackviewCell.swift in Sources */,
				CD1068AB2B07F17800FD5B0E /* DateInterval.swift in Sources */,
				38ECF94B289B0ACF00ED8372 /* Date.swift in Sources */,
				CD484BA02B32225000AC72E2 /* PriceHeaderView.swift in Sources */,
				CD2CFE0128E0D2A500DC55C1 /* NotificationScheduler.swift in Sources */,
				CD1068BA2B092D3300FD5B0E /* PriceCell.swift in Sources */,
				38E0FA68288476C40096B98A /* EnergyPriceService.swift in Sources */,
				38ECF94D289C467B00ED8372 /* TimeInterval.swift in Sources */,
				CDA37DF12ADB24F0004B44B0 /* ChargesService.swift in Sources */,
				CDC25BC32B49C553005453F8 /* OnBoardingViewController.swift in Sources */,
				387FF610286B95BB0051E3DC /* global.swift in Sources */,
				CD10688F2AFEF62D00FD5B0E /* Observer.swift in Sources */,
				384E643A288DAA56004ADCB1 /* Sourcery.swift in Sources */,
				CD10688D2AFC333500FD5B0E /* LaunchViewController.swift in Sources */,
				384E6446288DC430004ADCB1 /* Fonts.swift in Sources */,
				CD1068A12B05476600FD5B0E /* EmissionTableDataSource.swift in Sources */,
				CD8B43B62B509B1000AE93F2 /* AnimationView.swift in Sources */,
				CD8A4BC528BA6DB000EC68E3 /* Price.swift in Sources */,
				CD1068B32B081B8800FD5B0E /* DataDetailsViewController.swift in Sources */,
				38E0FA722884822C0096B98A /* _Database.swift in Sources */,
				389F717D28997B2C0007C2E0 /* MenuViewController.swift in Sources */,
				CD1068992B0411D700FD5B0E /* EmissionDatabase.swift in Sources */,
				CD5C58D22AE4844B00143060 /* ChargeDatabase.swift in Sources */,
				CD5C58D42AE59E0200143060 /* NetworkPrice.swift in Sources */,
			);
			runOnlyForDeploymentPostprocessing = 0;
		};
		CDA0E40B2AC982EC00FF364D /* Sources */ = {
			isa = PBXSourcesBuildPhase;
			buildActionMask = 2147483647;
			files = (
				CDA0E4122AC982EC00FF364D /* EvaluationTests.swift in Sources */,
				CDA0E4192AC988A000FF364D /* EnergyPrices.swift in Sources */,
			);
			runOnlyForDeploymentPostprocessing = 0;
		};
/* End PBXSourcesBuildPhase section */

/* Begin PBXTargetDependency section */
		CDA0E4142AC982EC00FF364D /* PBXTargetDependency */ = {
			isa = PBXTargetDependency;
			target = 387FF5F5286B909B0051E3DC /* Powercast */;
			targetProxy = CDA0E4132AC982EC00FF364D /* PBXContainerItemProxy */;
		};
/* End PBXTargetDependency section */

/* Begin PBXVariantGroup section */
		387FF604286B90A40051E3DC /* LaunchScreen.storyboard */ = {
			isa = PBXVariantGroup;
			children = (
				387FF605286B90A40051E3DC /* Base */,
			);
			name = LaunchScreen.storyboard;
			sourceTree = "<group>";
		};
		38DF5AC028708077008630FB /* Localizable.strings */ = {
			isa = PBXVariantGroup;
			children = (
				38DF5AC128708077008630FB /* en-GB */,
				38DF5AC428708077008630FB /* da */,
				38DF5AC628708077008630FB /* Base */,
			);
			name = Localizable.strings;
			sourceTree = "<group>";
		};
		38DF5AC228708077008630FB /* InfoPlist.strings */ = {
			isa = PBXVariantGroup;
			children = (
				38DF5AC328708077008630FB /* en-GB */,
				38DF5AC528708077008630FB /* da */,
				38DF5AC728708077008630FB /* Base */,
			);
			name = InfoPlist.strings;
			sourceTree = "<group>";
		};
/* End PBXVariantGroup section */

/* Begin XCBuildConfiguration section */
		387FF608286B90A40051E3DC /* Debug */ = {
			isa = XCBuildConfiguration;
			buildSettings = {
				ALWAYS_SEARCH_USER_PATHS = NO;
				ASSETCATALOG_COMPILER_GENERATE_SWIFT_ASSET_SYMBOL_EXTENSIONS = YES;
				CLANG_ANALYZER_LOCALIZABILITY_NONLOCALIZED = YES;
				CLANG_ANALYZER_NONNULL = YES;
				CLANG_ANALYZER_NUMBER_OBJECT_CONVERSION = YES_AGGRESSIVE;
				CLANG_CXX_LANGUAGE_STANDARD = "gnu++17";
				CLANG_ENABLE_MODULES = YES;
				CLANG_ENABLE_OBJC_ARC = YES;
				CLANG_ENABLE_OBJC_WEAK = YES;
				CLANG_WARN_BLOCK_CAPTURE_AUTORELEASING = YES;
				CLANG_WARN_BOOL_CONVERSION = YES;
				CLANG_WARN_COMMA = YES;
				CLANG_WARN_CONSTANT_CONVERSION = YES;
				CLANG_WARN_DEPRECATED_OBJC_IMPLEMENTATIONS = YES;
				CLANG_WARN_DIRECT_OBJC_ISA_USAGE = YES_ERROR;
				CLANG_WARN_DOCUMENTATION_COMMENTS = YES;
				CLANG_WARN_EMPTY_BODY = YES;
				CLANG_WARN_ENUM_CONVERSION = YES;
				CLANG_WARN_INFINITE_RECURSION = YES;
				CLANG_WARN_INT_CONVERSION = YES;
				CLANG_WARN_NON_LITERAL_NULL_CONVERSION = YES;
				CLANG_WARN_OBJC_IMPLICIT_RETAIN_SELF = YES;
				CLANG_WARN_OBJC_LITERAL_CONVERSION = YES;
				CLANG_WARN_OBJC_ROOT_CLASS = YES_ERROR;
				CLANG_WARN_QUOTED_INCLUDE_IN_FRAMEWORK_HEADER = YES;
				CLANG_WARN_RANGE_LOOP_ANALYSIS = YES;
				CLANG_WARN_STRICT_PROTOTYPES = YES;
				CLANG_WARN_SUSPICIOUS_MOVE = YES;
				CLANG_WARN_UNGUARDED_AVAILABILITY = YES_AGGRESSIVE;
				CLANG_WARN_UNREACHABLE_CODE = YES;
				CLANG_WARN__DUPLICATE_METHOD_MATCH = YES;
				COPY_PHASE_STRIP = NO;
				DEBUG_INFORMATION_FORMAT = dwarf;
				ENABLE_STRICT_OBJC_MSGSEND = YES;
				ENABLE_TESTABILITY = YES;
				GCC_C_LANGUAGE_STANDARD = gnu11;
				GCC_DYNAMIC_NO_PIC = NO;
				GCC_NO_COMMON_BLOCKS = YES;
				GCC_OPTIMIZATION_LEVEL = 0;
				GCC_PREPROCESSOR_DEFINITIONS = (
					"DEBUG=1",
					"$(inherited)",
				);
				GCC_WARN_64_TO_32_BIT_CONVERSION = YES;
				GCC_WARN_ABOUT_RETURN_TYPE = YES_ERROR;
				GCC_WARN_UNDECLARED_SELECTOR = YES;
				GCC_WARN_UNINITIALIZED_AUTOS = YES_AGGRESSIVE;
				GCC_WARN_UNUSED_FUNCTION = YES;
				GCC_WARN_UNUSED_VARIABLE = YES;
				IPHONEOS_DEPLOYMENT_TARGET = 14.0;
				MTL_ENABLE_DEBUG_INFO = INCLUDE_SOURCE;
				MTL_FAST_MATH = YES;
				ONLY_ACTIVE_ARCH = YES;
				SDKROOT = iphoneos;
				SWIFT_ACTIVE_COMPILATION_CONDITIONS = DEBUG;
				SWIFT_OPTIMIZATION_LEVEL = "-Onone";
			};
			name = Debug;
		};
		387FF609286B90A40051E3DC /* Release */ = {
			isa = XCBuildConfiguration;
			buildSettings = {
				ALWAYS_SEARCH_USER_PATHS = NO;
				ASSETCATALOG_COMPILER_GENERATE_SWIFT_ASSET_SYMBOL_EXTENSIONS = YES;
				CLANG_ANALYZER_LOCALIZABILITY_NONLOCALIZED = YES;
				CLANG_ANALYZER_NONNULL = YES;
				CLANG_ANALYZER_NUMBER_OBJECT_CONVERSION = YES_AGGRESSIVE;
				CLANG_CXX_LANGUAGE_STANDARD = "gnu++17";
				CLANG_ENABLE_MODULES = YES;
				CLANG_ENABLE_OBJC_ARC = YES;
				CLANG_ENABLE_OBJC_WEAK = YES;
				CLANG_WARN_BLOCK_CAPTURE_AUTORELEASING = YES;
				CLANG_WARN_BOOL_CONVERSION = YES;
				CLANG_WARN_COMMA = YES;
				CLANG_WARN_CONSTANT_CONVERSION = YES;
				CLANG_WARN_DEPRECATED_OBJC_IMPLEMENTATIONS = YES;
				CLANG_WARN_DIRECT_OBJC_ISA_USAGE = YES_ERROR;
				CLANG_WARN_DOCUMENTATION_COMMENTS = YES;
				CLANG_WARN_EMPTY_BODY = YES;
				CLANG_WARN_ENUM_CONVERSION = YES;
				CLANG_WARN_INFINITE_RECURSION = YES;
				CLANG_WARN_INT_CONVERSION = YES;
				CLANG_WARN_NON_LITERAL_NULL_CONVERSION = YES;
				CLANG_WARN_OBJC_IMPLICIT_RETAIN_SELF = YES;
				CLANG_WARN_OBJC_LITERAL_CONVERSION = YES;
				CLANG_WARN_OBJC_ROOT_CLASS = YES_ERROR;
				CLANG_WARN_QUOTED_INCLUDE_IN_FRAMEWORK_HEADER = YES;
				CLANG_WARN_RANGE_LOOP_ANALYSIS = YES;
				CLANG_WARN_STRICT_PROTOTYPES = YES;
				CLANG_WARN_SUSPICIOUS_MOVE = YES;
				CLANG_WARN_UNGUARDED_AVAILABILITY = YES_AGGRESSIVE;
				CLANG_WARN_UNREACHABLE_CODE = YES;
				CLANG_WARN__DUPLICATE_METHOD_MATCH = YES;
				COPY_PHASE_STRIP = NO;
				DEBUG_INFORMATION_FORMAT = "dwarf-with-dsym";
				ENABLE_NS_ASSERTIONS = NO;
				ENABLE_STRICT_OBJC_MSGSEND = YES;
				GCC_C_LANGUAGE_STANDARD = gnu11;
				GCC_NO_COMMON_BLOCKS = YES;
				GCC_WARN_64_TO_32_BIT_CONVERSION = YES;
				GCC_WARN_ABOUT_RETURN_TYPE = YES_ERROR;
				GCC_WARN_UNDECLARED_SELECTOR = YES;
				GCC_WARN_UNINITIALIZED_AUTOS = YES_AGGRESSIVE;
				GCC_WARN_UNUSED_FUNCTION = YES;
				GCC_WARN_UNUSED_VARIABLE = YES;
				IPHONEOS_DEPLOYMENT_TARGET = 14.0;
				MTL_ENABLE_DEBUG_INFO = NO;
				MTL_FAST_MATH = YES;
				SDKROOT = iphoneos;
				SWIFT_COMPILATION_MODE = wholemodule;
				SWIFT_OPTIMIZATION_LEVEL = "-O";
				VALIDATE_PRODUCT = YES;
			};
			name = Release;
		};
		387FF60B286B90A40051E3DC /* Debug */ = {
			isa = XCBuildConfiguration;
			baseConfigurationReference = CD8A4BC928BC1B9100EC68E3 /* Local.xcconfig */;
			buildSettings = {
				ASSETCATALOG_COMPILER_APPICON_NAME = AppIcon;
				ASSETCATALOG_COMPILER_GLOBAL_ACCENT_COLOR_NAME = AccentColor;
				CODE_SIGN_STYLE = Automatic;
				CURRENT_PROJECT_VERSION = 1;
				GENERATE_INFOPLIST_FILE = YES;
				INFOPLIST_FILE = Powercast/Info.plist;
				INFOPLIST_KEY_UIApplicationSupportsIndirectInputEvents = YES;
				INFOPLIST_KEY_UILaunchStoryboardName = LaunchScreen;
				INFOPLIST_KEY_UIStatusBarStyle = UIStatusBarStyleLightContent;
				INFOPLIST_KEY_UISupportedInterfaceOrientations = UIInterfaceOrientationPortrait;
				INFOPLIST_KEY_UISupportedInterfaceOrientations_iPad = "UIInterfaceOrientationLandscapeLeft UIInterfaceOrientationLandscapeRight UIInterfaceOrientationPortrait UIInterfaceOrientationPortraitUpsideDown";
				IPHONEOS_DEPLOYMENT_TARGET = 15.0;
				LD_RUNPATH_SEARCH_PATHS = (
					"$(inherited)",
					"@executable_path/Frameworks",
				);
				MARKETING_VERSION = 1.0;
				PRODUCT_BUNDLE_IDENTIFIER = "$(ORGANIZATION_IDENTIFIER).Powercast";
				PRODUCT_NAME = "$(TARGET_NAME)";
				SWIFT_EMIT_LOC_STRINGS = YES;
				SWIFT_VERSION = 5.0;
				TARGETED_DEVICE_FAMILY = "1,2";
			};
			name = Debug;
		};
		387FF60C286B90A40051E3DC /* Release */ = {
			isa = XCBuildConfiguration;
			baseConfigurationReference = CD8A4BC928BC1B9100EC68E3 /* Local.xcconfig */;
			buildSettings = {
				ASSETCATALOG_COMPILER_APPICON_NAME = AppIcon;
				ASSETCATALOG_COMPILER_GLOBAL_ACCENT_COLOR_NAME = AccentColor;
				CODE_SIGN_IDENTITY = "Apple Distribution";
				"CODE_SIGN_IDENTITY[sdk=iphoneos*]" = "iPhone Distribution";
				CODE_SIGN_STYLE = Manual;
				CURRENT_PROJECT_VERSION = 1;
				GENERATE_INFOPLIST_FILE = YES;
				INFOPLIST_FILE = Powercast/Info.plist;
				INFOPLIST_KEY_UIApplicationSupportsIndirectInputEvents = YES;
				INFOPLIST_KEY_UILaunchStoryboardName = LaunchScreen;
				INFOPLIST_KEY_UIStatusBarStyle = UIStatusBarStyleLightContent;
				INFOPLIST_KEY_UISupportedInterfaceOrientations = UIInterfaceOrientationPortrait;
				INFOPLIST_KEY_UISupportedInterfaceOrientations_iPad = "UIInterfaceOrientationLandscapeLeft UIInterfaceOrientationLandscapeRight UIInterfaceOrientationPortrait UIInterfaceOrientationPortraitUpsideDown";
				IPHONEOS_DEPLOYMENT_TARGET = 15.0;
				LD_RUNPATH_SEARCH_PATHS = (
					"$(inherited)",
					"@executable_path/Frameworks",
				);
				MARKETING_VERSION = 1.0;
				PRODUCT_BUNDLE_IDENTIFIER = "$(ORGANIZATION_IDENTIFIER).powercast.app";
				PRODUCT_NAME = "$(TARGET_NAME)";
				SWIFT_EMIT_LOC_STRINGS = YES;
				SWIFT_VERSION = 5.0;
				TARGETED_DEVICE_FAMILY = "1,2";
			};
			name = Release;
		};
		CDA0E4162AC982EC00FF364D /* Debug */ = {
			isa = XCBuildConfiguration;
			baseConfigurationReference = CD8A4BC928BC1B9100EC68E3 /* Local.xcconfig */;
			buildSettings = {
				ASSETCATALOG_COMPILER_GENERATE_SWIFT_ASSET_SYMBOL_EXTENSIONS = YES;
				BUNDLE_LOADER = "$(TEST_HOST)";
				CLANG_CXX_LANGUAGE_STANDARD = "gnu++20";
				CODE_SIGN_STYLE = Automatic;
				CURRENT_PROJECT_VERSION = 1;
				ENABLE_USER_SCRIPT_SANDBOXING = YES;
				GCC_C_LANGUAGE_STANDARD = gnu17;
				GENERATE_INFOPLIST_FILE = YES;
				IPHONEOS_DEPLOYMENT_TARGET = 15.0;
				LOCALIZATION_PREFERS_STRING_CATALOGS = YES;
				MARKETING_VERSION = 1.0;
				PRODUCT_BUNDLE_IDENTIFIER = "$(ORGANIZATION_IDENTIFIER).PowercastTests";
				PRODUCT_NAME = "$(TARGET_NAME)";
				SWIFT_ACTIVE_COMPILATION_CONDITIONS = "DEBUG $(inherited)";
				SWIFT_EMIT_LOC_STRINGS = NO;
				SWIFT_VERSION = 5.0;
				TARGETED_DEVICE_FAMILY = "1,2";
				TEST_HOST = "$(BUILT_PRODUCTS_DIR)/Powercast.app/$(BUNDLE_EXECUTABLE_FOLDER_PATH)/Powercast";
			};
			name = Debug;
		};
		CDA0E4172AC982EC00FF364D /* Release */ = {
			isa = XCBuildConfiguration;
			baseConfigurationReference = CD8A4BC928BC1B9100EC68E3 /* Local.xcconfig */;
			buildSettings = {
				ASSETCATALOG_COMPILER_GENERATE_SWIFT_ASSET_SYMBOL_EXTENSIONS = YES;
				BUNDLE_LOADER = "$(TEST_HOST)";
				CLANG_CXX_LANGUAGE_STANDARD = "gnu++20";
				CODE_SIGN_STYLE = Automatic;
				CURRENT_PROJECT_VERSION = 1;
				ENABLE_USER_SCRIPT_SANDBOXING = YES;
				GCC_C_LANGUAGE_STANDARD = gnu17;
				GENERATE_INFOPLIST_FILE = YES;
				IPHONEOS_DEPLOYMENT_TARGET = 15.0;
				LOCALIZATION_PREFERS_STRING_CATALOGS = YES;
				MARKETING_VERSION = 1.0;
				PRODUCT_BUNDLE_IDENTIFIER = "$(ORGANIZATION_IDENTIFIER).PowercastTests";
				PRODUCT_NAME = "$(TARGET_NAME)";
				SWIFT_EMIT_LOC_STRINGS = NO;
				SWIFT_VERSION = 5.0;
				TARGETED_DEVICE_FAMILY = "1,2";
				TEST_HOST = "$(BUILT_PRODUCTS_DIR)/Powercast.app/$(BUNDLE_EXECUTABLE_FOLDER_PATH)/Powercast";
			};
			name = Release;
		};
/* End XCBuildConfiguration section */

/* Begin XCConfigurationList section */
		387FF5F1286B909B0051E3DC /* Build configuration list for PBXProject "Powercast" */ = {
			isa = XCConfigurationList;
			buildConfigurations = (
				387FF608286B90A40051E3DC /* Debug */,
				387FF609286B90A40051E3DC /* Release */,
			);
			defaultConfigurationIsVisible = 0;
			defaultConfigurationName = Release;
		};
		387FF60A286B90A40051E3DC /* Build configuration list for PBXNativeTarget "Powercast" */ = {
			isa = XCConfigurationList;
			buildConfigurations = (
				387FF60B286B90A40051E3DC /* Debug */,
				387FF60C286B90A40051E3DC /* Release */,
			);
			defaultConfigurationIsVisible = 0;
			defaultConfigurationName = Release;
		};
		CDA0E4152AC982EC00FF364D /* Build configuration list for PBXNativeTarget "PowercastTests" */ = {
			isa = XCConfigurationList;
			buildConfigurations = (
				CDA0E4162AC982EC00FF364D /* Debug */,
				CDA0E4172AC982EC00FF364D /* Release */,
			);
			defaultConfigurationIsVisible = 0;
			defaultConfigurationName = Release;
		};
/* End XCConfigurationList section */

/* Begin XCRemoteSwiftPackageReference section */
		380CE8E7288892480003FF36 /* XCRemoteSwiftPackageReference "lottie-spm" */ = {
			isa = XCRemoteSwiftPackageReference;
			repositoryURL = "https://github.com/airbnb/lottie-spm.git";
			requirement = {
				kind = exactVersion;
				version = 4.3.4;
			};
		};
		38E0FA5F288441BE0096B98A /* XCRemoteSwiftPackageReference "GRDB.swift" */ = {
			isa = XCRemoteSwiftPackageReference;
			repositoryURL = "https://github.com/groue/GRDB.swift.git";
			requirement = {
				kind = exactVersion;
				version = 6.23.0;
			};
		};
		CD36624529281614009FAC8B /* XCRemoteSwiftPackageReference "Flogger" */ = {
			isa = XCRemoteSwiftPackageReference;
			repositoryURL = "https://github.com/CodeReaper/Flogger.git";
			requirement = {
				kind = exactVersion;
				version = 1.0.2;
			};
		};
		CD8801222A61E18300A30B1D /* XCRemoteSwiftPackageReference "SugarKit" */ = {
			isa = XCRemoteSwiftPackageReference;
			repositoryURL = "https://github.com/CodeReaper/SugarKit.git";
			requirement = {
				kind = exactVersion;
				version = 1.0.1;
			};
		};
/* End XCRemoteSwiftPackageReference section */

/* Begin XCSwiftPackageProductDependency section */
		380CE8E8288892490003FF36 /* Lottie */ = {
			isa = XCSwiftPackageProductDependency;
			package = 380CE8E7288892480003FF36 /* XCRemoteSwiftPackageReference "lottie-spm" */;
			productName = Lottie;
		};
		38E0FA60288441BE0096B98A /* GRDB */ = {
			isa = XCSwiftPackageProductDependency;
			package = 38E0FA5F288441BE0096B98A /* XCRemoteSwiftPackageReference "GRDB.swift" */;
			productName = GRDB;
		};
		CD36624629281614009FAC8B /* Flogger */ = {
			isa = XCSwiftPackageProductDependency;
			package = CD36624529281614009FAC8B /* XCRemoteSwiftPackageReference "Flogger" */;
			productName = Flogger;
		};
		CD4022E72A34AA2B00027798 /* SugarKit */ = {
			isa = XCSwiftPackageProductDependency;
			productName = SugarKit;
		};
		CD5C58CB2ADBFD4A00143060 /* CSQLite */ = {
			isa = XCSwiftPackageProductDependency;
			package = 38E0FA5F288441BE0096B98A /* XCRemoteSwiftPackageReference "GRDB.swift" */;
			productName = CSQLite;
		};
		CD5C58CD2ADBFD5E00143060 /* CSQLite */ = {
			isa = XCSwiftPackageProductDependency;
			package = 38E0FA5F288441BE0096B98A /* XCRemoteSwiftPackageReference "GRDB.swift" */;
			productName = CSQLite;
		};
		CD8801232A61E18300A30B1D /* SugarKit */ = {
			isa = XCSwiftPackageProductDependency;
			package = CD8801222A61E18300A30B1D /* XCRemoteSwiftPackageReference "SugarKit" */;
			productName = SugarKit;
		};
/* End XCSwiftPackageProductDependency section */
	};
	rootObject = 387FF5EE286B909B0051E3DC /* Project object */;
}
